
Microsoft Visual Studio Solution File, Format Version 12.00
# Visual Studio Version 17
VisualStudioVersion = 17.5.33530.505
MinimumVisualStudioVersion = 10.0.40219.1
Project("{8BC9CEB8-8B4A-11D0-8D11-00A0C91BC942}") = "3.1", "3.1\3.1.vcxproj", "{ADDCF26F-D6A6-47AB-866A-9BA6875C5A20}"
EndProject
Project("{8BC9CEB8-8B4A-11D0-8D11-00A0C91BC942}") = "3.2", "3.2\3.2.vcxproj", "{44EA7952-66BB-4D13-A93F-B7E7593605D4}"
EndProject
Global
	GlobalSection(SolutionConfigurationPlatforms) = preSolution
		Debug|x64 = Debug|x64
		Debug|x86 = Debug|x86
		Release|x64 = Release|x64
		Release|x86 = Release|x86
	EndGlobalSection
	GlobalSection(ProjectConfigurationPlatforms) = postSolution
		{ADDCF26F-D6A6-47AB-866A-9BA6875C5A20}.Debug|x64.ActiveCfg = Debug|x64
		{ADDCF26F-D6A6-47AB-866A-9BA6875C5A20}.Debug|x64.Build.0 = Debug|x64
		{ADDCF26F-D6A6-47AB-866A-9BA6875C5A20}.Debug|x86.ActiveCfg = Debug|Win32
		{ADDCF26F-D6A6-47AB-866A-9BA6875C5A20}.Debug|x86.Build.0 = Debug|Win32
		{ADDCF26F-D6A6-47AB-866A-9BA6875C5A20}.Release|x64.ActiveCfg = Release|x64
		{ADDCF26F-D6A6-47AB-866A-9BA6875C5A20}.Release|x64.Build.0 = Release|x64
		{ADDCF26F-D6A6-47AB-866A-9BA6875C5A20}.Release|x86.ActiveCfg = Release|Win32
		{ADDCF26F-D6A6-47AB-866A-9BA6875C5A20}.Release|x86.Build.0 = Release|Win32
		{44EA7952-66BB-4D13-A93F-B7E7593605D4}.Debug|x64.ActiveCfg = Debug|x64
		{44EA7952-66BB-4D13-A93F-B7E7593605D4}.Debug|x64.Build.0 = Debug|x64
		{44EA7952-66BB-4D13-A93F-B7E7593605D4}.Debug|x86.ActiveCfg = Debug|Win32
		{44EA7952-66BB-4D13-A93F-B7E7593605D4}.Debug|x86.Build.0 = Debug|Win32
		{44EA7952-66BB-4D13-A93F-B7E7593605D4}.Release|x64.ActiveCfg = Release|x64
		{44EA7952-66BB-4D13-A93F-B7E7593605D4}.Release|x64.Build.0 = Release|x64
		{44EA7952-66BB-4D13-A93F-B7E7593605D4}.Release|x86.ActiveCfg = Release|Win32
		{44EA7952-66BB-4D13-A93F-B7E7593605D4}.Release|x86.Build.0 = Release|Win32
	EndGlobalSection
	GlobalSection(SolutionProperties) = preSolution
		HideSolutionNode = FALSE
	EndGlobalSection
	GlobalSection(ExtensibilityGlobals) = postSolution
		SolutionGuid = {B526C928-0B80-4CC6-8CB0-D3EC8D144889}
	EndGlobalSection
EndGlobal
